
Microsoft Visual Studio Solution File, Format Version 12.00
# Visual Studio 15
VisualStudioVersion = 15.0.27428.2037
MinimumVisualStudioVersion = 10.0.40219.1
Project("{FAE04EC0-301F-11D3-BF4B-00C04F79EFBC}") = "StageSSPortal", "StageSSPortal\StageSSPortal.csproj", "{58DB3576-8307-4BA9-9275-923BFAC1EB93}"
EndProject
Project("{FAE04EC0-301F-11D3-BF4B-00C04F79EFBC}") = "BL", "BL\BL.csproj", "{7E9DFBEF-CC49-4F3D-A5D3-BDDF523CBB41}"
EndProject
Project("{FAE04EC0-301F-11D3-BF4B-00C04F79EFBC}") = "DAL", "DAL\DAL.csproj", "{9E5C1104-524F-4D3A-B566-B8F6DA9B37AB}"
EndProject
Project("{FAE04EC0-301F-11D3-BF4B-00C04F79EFBC}") = "Domain", "Domain\Domain.csproj", "{623CF8A5-221E-4010-BE81-E57930FA8585}"
EndProject
Global
	GlobalSection(SolutionConfigurationPlatforms) = preSolution
		Debug|Any CPU = Debug|Any CPU
		Release|Any CPU = Release|Any CPU
	EndGlobalSection
	GlobalSection(ProjectConfigurationPlatforms) = postSolution
		{58DB3576-8307-4BA9-9275-923BFAC1EB93}.Debug|Any CPU.ActiveCfg = Debug|Any CPU
		{58DB3576-8307-4BA9-9275-923BFAC1EB93}.Debug|Any CPU.Build.0 = Debug|Any CPU
		{58DB3576-8307-4BA9-9275-923BFAC1EB93}.Release|Any CPU.ActiveCfg = Release|Any CPU
		{58DB3576-8307-4BA9-9275-923BFAC1EB93}.Release|Any CPU.Build.0 = Release|Any CPU
		{7E9DFBEF-CC49-4F3D-A5D3-BDDF523CBB41}.Debug|Any CPU.ActiveCfg = Debug|Any CPU
		{7E9DFBEF-CC49-4F3D-A5D3-BDDF523CBB41}.Debug|Any CPU.Build.0 = Debug|Any CPU
		{7E9DFBEF-CC49-4F3D-A5D3-BDDF523CBB41}.Release|Any CPU.ActiveCfg = Release|Any CPU
		{7E9DFBEF-CC49-4F3D-A5D3-BDDF523CBB41}.Release|Any CPU.Build.0 = Release|Any CPU
		{9E5C1104-524F-4D3A-B566-B8F6DA9B37AB}.Debug|Any CPU.ActiveCfg = Debug|Any CPU
		{9E5C1104-524F-4D3A-B566-B8F6DA9B37AB}.Debug|Any CPU.Build.0 = Debug|Any CPU
		{9E5C1104-524F-4D3A-B566-B8F6DA9B37AB}.Release|Any CPU.ActiveCfg = Release|Any CPU
		{9E5C1104-524F-4D3A-B566-B8F6DA9B37AB}.Release|Any CPU.Build.0 = Release|Any CPU
		{623CF8A5-221E-4010-BE81-E57930FA8585}.Debug|Any CPU.ActiveCfg = Debug|Any CPU
		{623CF8A5-221E-4010-BE81-E57930FA8585}.Debug|Any CPU.Build.0 = Debug|Any CPU
		{623CF8A5-221E-4010-BE81-E57930FA8585}.Release|Any CPU.ActiveCfg = Release|Any CPU
		{623CF8A5-221E-4010-BE81-E57930FA8585}.Release|Any CPU.Build.0 = Release|Any CPU
	EndGlobalSection
	GlobalSection(SolutionProperties) = preSolution
		HideSolutionNode = FALSE
	EndGlobalSection
	GlobalSection(ExtensibilityGlobals) = postSolution
		SolutionGuid = {62507369-ACA7-459A-985F-2F4678199C98}
	EndGlobalSection
EndGlobal
